
Microsoft Visual Studio Solution File, Format Version 12.00
# Visual Studio 2012
Project("{8BC9CEB8-8B4A-11D0-8D11-00A0C91BC942}") = "MyCal", "MyCal\MyCal.vcxproj", "{CB019C58-D56A-48BC-B2FF-6F4436975FAE}"
	ProjectSection(ProjectDependencies) = postProject
		{D9797DC5-BB94-41FF-B9DC-C9B1D79AB7CF} = {D9797DC5-BB94-41FF-B9DC-C9B1D79AB7CF}
	EndProjectSection
EndProject
Project("{8BC9CEB8-8B4A-11D0-8D11-00A0C91BC942}") = "Storage", "Storage\Storage.vcxproj", "{8523459C-AA5B-47BB-B367-3DE39D0AE156}"
EndProject
Project("{8BC9CEB8-8B4A-11D0-8D11-00A0C91BC942}") = "TextUI", "TextUI\TextUI.vcxproj", "{D9797DC5-BB94-41FF-B9DC-C9B1D79AB7CF}"
EndProject
Project("{8BC9CEB8-8B4A-11D0-8D11-00A0C91BC942}") = "Interpreter", "Interpreter\Interpreter.vcxproj", "{7E930F3C-D8D1-4C60-9018-9EBBCE7A0A99}"
EndProject
Project("{8BC9CEB8-8B4A-11D0-8D11-00A0C91BC942}") = "TaskMaster", "TaskMaster\TaskMaster.vcxproj", "{2C173256-F1A1-418F-AD91-055F8A7BC84C}"
EndProject
Project("{8BC9CEB8-8B4A-11D0-8D11-00A0C91BC942}") = "Controller", "Controller\Controller.vcxproj", "{A8E750C9-BD07-433A-A3EB-1A4F6A9D1951}"
EndProject
Project("{8BC9CEB8-8B4A-11D0-8D11-00A0C91BC942}") = "Command", "Command\Command.vcxproj", "{6F3D4173-E831-4527-B82E-113A7C0AF81D}"
EndProject
Project("{8BC9CEB8-8B4A-11D0-8D11-00A0C91BC942}") = "Log", "Log\Log.vcxproj", "{9A6EB919-460C-4BE1-8825-8D88D4288E72}"
EndProject
Project("{8BC9CEB8-8B4A-11D0-8D11-00A0C91BC942}") = "History", "History\History.vcxproj", "{00824BA1-7127-47B1-8E83-C4A456013C40}"
EndProject
Project("{8BC9CEB8-8B4A-11D0-8D11-00A0C91BC942}") = "TestUtilities", "TestUtilities\TestUtilities.vcxproj", "{9E13EAA1-88E0-4493-9236-8A940FFFF241}"
EndProject
Project("{8BC9CEB8-8B4A-11D0-8D11-00A0C91BC942}") = "IntegrationTestSuite", "IntegrationTestSuite\IntegrationTestSuite.vcxproj", "{C112E8E5-55D8-4B12-A78B-DD7E9312058E}"
EndProject
Project("{8BC9CEB8-8B4A-11D0-8D11-00A0C91BC942}") = "StorageUnitTests", "StorageTests\StorageTests.vcxproj", "{A7BA3CEC-B922-4489-B92C-432AB55102A9}"
EndProject
Project("{8BC9CEB8-8B4A-11D0-8D11-00A0C91BC942}") = "CommandUnitTests", "CommandUnitTests\CommandUnitTests.vcxproj", "{AC3A8278-A8EA-423E-86DD-CA01069C6327}"
EndProject
Project("{8BC9CEB8-8B4A-11D0-8D11-00A0C91BC942}") = "InterpreterUnitTests", "InterpreterUnitTests\InterpreterUnitTests.vcxproj", "{5715EAF7-0AA5-41C6-943D-509FF1EC3146}"
EndProject
Project("{8BC9CEB8-8B4A-11D0-8D11-00A0C91BC942}") = "TaskMasterUnitTests", "TaskMasterUnitTests\TaskMasterUnitTests.vcxproj", "{A4B3A97D-D83A-4653-ACD0-4A7D1F63E2F6}"
EndProject
Project("{8BC9CEB8-8B4A-11D0-8D11-00A0C91BC942}") = "HistoryUnitTests", "HistoryUnitTests\HistoryUnitTests.vcxproj", "{F7F73CAA-7FB7-4946-AF52-FE692C6EB91F}"
EndProject
Project("{8BC9CEB8-8B4A-11D0-8D11-00A0C91BC942}") = "Aliases", "Aliases\Aliases.vcxproj", "{FAAFB6E6-7D99-4F18-B733-AA97F51DBDE2}"
EndProject
Global
	GlobalSection(SolutionConfigurationPlatforms) = preSolution
		Debug|Win32 = Debug|Win32
		Release|Win32 = Release|Win32
	EndGlobalSection
	GlobalSection(ProjectConfigurationPlatforms) = postSolution
		{CB019C58-D56A-48BC-B2FF-6F4436975FAE}.Debug|Win32.ActiveCfg = Debug|Win32
		{CB019C58-D56A-48BC-B2FF-6F4436975FAE}.Debug|Win32.Build.0 = Debug|Win32
		{CB019C58-D56A-48BC-B2FF-6F4436975FAE}.Release|Win32.ActiveCfg = Release|Win32
		{CB019C58-D56A-48BC-B2FF-6F4436975FAE}.Release|Win32.Build.0 = Release|Win32
		{8523459C-AA5B-47BB-B367-3DE39D0AE156}.Debug|Win32.ActiveCfg = Debug|Win32
		{8523459C-AA5B-47BB-B367-3DE39D0AE156}.Debug|Win32.Build.0 = Debug|Win32
		{8523459C-AA5B-47BB-B367-3DE39D0AE156}.Release|Win32.ActiveCfg = Release|Win32
		{8523459C-AA5B-47BB-B367-3DE39D0AE156}.Release|Win32.Build.0 = Release|Win32
		{D9797DC5-BB94-41FF-B9DC-C9B1D79AB7CF}.Debug|Win32.ActiveCfg = Debug|Win32
		{D9797DC5-BB94-41FF-B9DC-C9B1D79AB7CF}.Debug|Win32.Build.0 = Debug|Win32
		{D9797DC5-BB94-41FF-B9DC-C9B1D79AB7CF}.Release|Win32.ActiveCfg = Release|Win32
		{D9797DC5-BB94-41FF-B9DC-C9B1D79AB7CF}.Release|Win32.Build.0 = Release|Win32
		{7E930F3C-D8D1-4C60-9018-9EBBCE7A0A99}.Debug|Win32.ActiveCfg = Debug|Win32
		{7E930F3C-D8D1-4C60-9018-9EBBCE7A0A99}.Debug|Win32.Build.0 = Debug|Win32
		{7E930F3C-D8D1-4C60-9018-9EBBCE7A0A99}.Release|Win32.ActiveCfg = Release|Win32
		{7E930F3C-D8D1-4C60-9018-9EBBCE7A0A99}.Release|Win32.Build.0 = Release|Win32
		{2C173256-F1A1-418F-AD91-055F8A7BC84C}.Debug|Win32.ActiveCfg = Debug|Win32
		{2C173256-F1A1-418F-AD91-055F8A7BC84C}.Debug|Win32.Build.0 = Debug|Win32
		{2C173256-F1A1-418F-AD91-055F8A7BC84C}.Release|Win32.ActiveCfg = Release|Win32
		{2C173256-F1A1-418F-AD91-055F8A7BC84C}.Release|Win32.Build.0 = Release|Win32
		{A8E750C9-BD07-433A-A3EB-1A4F6A9D1951}.Debug|Win32.ActiveCfg = Debug|Win32
		{A8E750C9-BD07-433A-A3EB-1A4F6A9D1951}.Debug|Win32.Build.0 = Debug|Win32
		{A8E750C9-BD07-433A-A3EB-1A4F6A9D1951}.Release|Win32.ActiveCfg = Release|Win32
		{A8E750C9-BD07-433A-A3EB-1A4F6A9D1951}.Release|Win32.Build.0 = Release|Win32
		{6F3D4173-E831-4527-B82E-113A7C0AF81D}.Debug|Win32.ActiveCfg = Debug|Win32
		{6F3D4173-E831-4527-B82E-113A7C0AF81D}.Debug|Win32.Build.0 = Debug|Win32
		{6F3D4173-E831-4527-B82E-113A7C0AF81D}.Release|Win32.ActiveCfg = Release|Win32
		{6F3D4173-E831-4527-B82E-113A7C0AF81D}.Release|Win32.Build.0 = Release|Win32
		{9A6EB919-460C-4BE1-8825-8D88D4288E72}.Debug|Win32.ActiveCfg = Debug|Win32
		{9A6EB919-460C-4BE1-8825-8D88D4288E72}.Debug|Win32.Build.0 = Debug|Win32
		{9A6EB919-460C-4BE1-8825-8D88D4288E72}.Release|Win32.ActiveCfg = Release|Win32
		{9A6EB919-460C-4BE1-8825-8D88D4288E72}.Release|Win32.Build.0 = Release|Win32
		{00824BA1-7127-47B1-8E83-C4A456013C40}.Debug|Win32.ActiveCfg = Debug|Win32
		{00824BA1-7127-47B1-8E83-C4A456013C40}.Debug|Win32.Build.0 = Debug|Win32
		{00824BA1-7127-47B1-8E83-C4A456013C40}.Release|Win32.ActiveCfg = Release|Win32
		{00824BA1-7127-47B1-8E83-C4A456013C40}.Release|Win32.Build.0 = Release|Win32
		{9E13EAA1-88E0-4493-9236-8A940FFFF241}.Debug|Win32.ActiveCfg = Debug|Win32
		{9E13EAA1-88E0-4493-9236-8A940FFFF241}.Debug|Win32.Build.0 = Debug|Win32
		{9E13EAA1-88E0-4493-9236-8A940FFFF241}.Release|Win32.ActiveCfg = Release|Win32
		{9E13EAA1-88E0-4493-9236-8A940FFFF241}.Release|Win32.Build.0 = Release|Win32
		{C112E8E5-55D8-4B12-A78B-DD7E9312058E}.Debug|Win32.ActiveCfg = Debug|Win32
		{C112E8E5-55D8-4B12-A78B-DD7E9312058E}.Debug|Win32.Build.0 = Debug|Win32
		{C112E8E5-55D8-4B12-A78B-DD7E9312058E}.Release|Win32.ActiveCfg = Release|Win32
		{C112E8E5-55D8-4B12-A78B-DD7E9312058E}.Release|Win32.Build.0 = Release|Win32
		{A7BA3CEC-B922-4489-B92C-432AB55102A9}.Debug|Win32.ActiveCfg = Debug|Win32
		{A7BA3CEC-B922-4489-B92C-432AB55102A9}.Debug|Win32.Build.0 = Debug|Win32
		{A7BA3CEC-B922-4489-B92C-432AB55102A9}.Release|Win32.ActiveCfg = Release|Win32
		{A7BA3CEC-B922-4489-B92C-432AB55102A9}.Release|Win32.Build.0 = Release|Win32
		{AC3A8278-A8EA-423E-86DD-CA01069C6327}.Debug|Win32.ActiveCfg = Debug|Win32
		{AC3A8278-A8EA-423E-86DD-CA01069C6327}.Debug|Win32.Build.0 = Debug|Win32
		{AC3A8278-A8EA-423E-86DD-CA01069C6327}.Release|Win32.ActiveCfg = Release|Win32
		{AC3A8278-A8EA-423E-86DD-CA01069C6327}.Release|Win32.Build.0 = Release|Win32
		{5715EAF7-0AA5-41C6-943D-509FF1EC3146}.Debug|Win32.ActiveCfg = Debug|Win32
		{5715EAF7-0AA5-41C6-943D-509FF1EC3146}.Debug|Win32.Build.0 = Debug|Win32
		{5715EAF7-0AA5-41C6-943D-509FF1EC3146}.Release|Win32.ActiveCfg = Release|Win32
		{5715EAF7-0AA5-41C6-943D-509FF1EC3146}.Release|Win32.Build.0 = Release|Win32
		{A4B3A97D-D83A-4653-ACD0-4A7D1F63E2F6}.Debug|Win32.ActiveCfg = Debug|Win32
		{A4B3A97D-D83A-4653-ACD0-4A7D1F63E2F6}.Debug|Win32.Build.0 = Debug|Win32
		{A4B3A97D-D83A-4653-ACD0-4A7D1F63E2F6}.Release|Win32.ActiveCfg = Release|Win32
		{A4B3A97D-D83A-4653-ACD0-4A7D1F63E2F6}.Release|Win32.Build.0 = Release|Win32
		{F7F73CAA-7FB7-4946-AF52-FE692C6EB91F}.Debug|Win32.ActiveCfg = Debug|Win32
		{F7F73CAA-7FB7-4946-AF52-FE692C6EB91F}.Debug|Win32.Build.0 = Debug|Win32
		{F7F73CAA-7FB7-4946-AF52-FE692C6EB91F}.Release|Win32.ActiveCfg = Release|Win32
		{F7F73CAA-7FB7-4946-AF52-FE692C6EB91F}.Release|Win32.Build.0 = Release|Win32
		{FAAFB6E6-7D99-4F18-B733-AA97F51DBDE2}.Debug|Win32.ActiveCfg = Debug|Win32
		{FAAFB6E6-7D99-4F18-B733-AA97F51DBDE2}.Debug|Win32.Build.0 = Debug|Win32
		{FAAFB6E6-7D99-4F18-B733-AA97F51DBDE2}.Release|Win32.ActiveCfg = Release|Win32
		{FAAFB6E6-7D99-4F18-B733-AA97F51DBDE2}.Release|Win32.Build.0 = Release|Win32
	EndGlobalSection
	GlobalSection(SolutionProperties) = preSolution
		HideSolutionNode = FALSE
	EndGlobalSection
EndGlobal
